{
  "originHash" : "9ba2a1036f9be0ea22b12797c116c7449533adb6dc39834a4278bc10552e5e65",
  "pins" : [
    {
      "identity" : "capacitor-swift-pm",
      "kind" : "remoteSourceControl",
      "location" : "https://github.com/ionic-team/capacitor-swift-pm.git",
      "state" : {
        "revision" : "4f71d0b979f2f957326f04353eca7604ee937e1e",
        "version" : "8.5.0"
      }
    },
    {
      "identity" : "onesignal-xcframework",
      "kind" : "remoteSourceControl",
      "location" : "https://github.com/OneSignal/OneSignal-XCFramework.git",
      "state" : {
        "revision" : "e05f7193577ddf57f6bfe57776a56a16081db2e5",
        "version" : "5.5.5"
      }
    }
  ],
  "version" : 3
}
